
Microsoft Visual Studio Solution File, Format Version 12.00
# Visual Studio Version 16
VisualStudioVersion = 16.0.30204.135
MinimumVisualStudioVersion = 10.0.40219.1
Project("{8BC9CEB8-8B4A-11D0-8D11-00A0C91BC942}") = "Bigglets", "Bigglets.vcxproj", "{9FDB303A-E001-43FF-9705-F44852BE6FB7}"
EndProject
Global
	GlobalSection(SolutionConfigurationPlatforms) = preSolution
		Debug|x64 = Debug|x64
		Debug|x86 = Debug|x86
		Release|x64 = Release|x64
		Release|x86 = Release|x86
	EndGlobalSection
	GlobalSection(ProjectConfigurationPlatforms) = postSolution
		{9FDB303A-E001-43FF-9705-F44852BE6FB7}.Debug|x64.ActiveCfg = Debug|x64
		{9FDB303A-E001-43FF-9705-F44852BE6FB7}.Debug|x64.Build.0 = Debug|x64
		{9FDB303A-E001-43FF-9705-F44852BE6FB7}.Debug|x86.ActiveCfg = Debug|Win32
		{9FDB303A-E001-43FF-9705-F44852BE6FB7}.Debug|x86.Build.0 = Debug|Win32
		{9FDB303A-E001-43FF-9705-F44852BE6FB7}.Release|x64.ActiveCfg = Release|x64
		{9FDB303A-E001-43FF-9705-F44852BE6FB7}.Release|x64.Build.0 = Release|x64
		{9FDB303A-E001-43FF-9705-F44852BE6FB7}.Release|x86.ActiveCfg = Release|Win32
		{9FDB303A-E001-43FF-9705-F44852BE6FB7}.Release|x86.Build.0 = Release|Win32
	EndGlobalSection
	GlobalSection(SolutionProperties) = preSolution
		HideSolutionNode = FALSE
	EndGlobalSection
	GlobalSection(ExtensibilityGlobals) = postSolution
		SolutionGuid = {2DF2BD23-FC06-419D-9BBA-AAE18DD525E1}
	EndGlobalSection
EndGlobal
